// !$*UTF8*$!
{
	archiveVersion = 1;
	classes = {
	};
	objectVersion = 46;
	objects = {

/* Begin PBXBuildFile section */
		CF8FF3341AB323ED00798263 /* AppDelegate.swift in Sources */ = {isa = PBXBuildFile; fileRef = CF8FF3331AB323ED00798263 /* AppDelegate.swift */; };
		CF8FF3361AB323ED00798263 /* ViewController.swift in Sources */ = {isa = PBXBuildFile; fileRef = CF8FF3351AB323ED00798263 /* ViewController.swift */; };
		CF8FF3391AB323ED00798263 /* Main.storyboard in Resources */ = {isa = PBXBuildFile; fileRef = CF8FF3371AB323ED00798263 /* Main.storyboard */; };
		CF8FF33B1AB323ED00798263 /* Images.xcassets in Resources */ = {isa = PBXBuildFile; fileRef = CF8FF33A1AB323ED00798263 /* Images.xcassets */; };
		CF8FF33E1AB323ED00798263 /* LaunchScreen.xib in Resources */ = {isa = PBXBuildFile; fileRef = CF8FF33C1AB323ED00798263 /* LaunchScreen.xib */; };
		CF8FF34A1AB323ED00798263 /* SwiftIBDesignableTests.swift in Sources */ = {isa = PBXBuildFile; fileRef = CF8FF3491AB323ED00798263 /* SwiftIBDesignableTests.swift */; };
		CF8FF3551AB3242A00798263 /* CustomView.swift in Sources */ = {isa = PBXBuildFile; fileRef = CF8FF3541AB3242A00798263 /* CustomView.swift */; };
		CF8FF3571AB3245000798263 /* CustomView.xib in Resources */ = {isa = PBXBuildFile; fileRef = CF8FF3561AB3245000798263 /* CustomView.xib */; };
/* End PBXBuildFile section */

/* Begin PBXContainerItemProxy section */
		CF8FF3441AB323ED00798263 /* PBXContainerItemProxy */ = {
			isa = PBXContainerItemProxy;
			containerPortal = CF8FF3261AB323ED00798263 /* Project object */;
			proxyType = 1;
			remoteGlobalIDString = CF8FF32D1AB323ED00798263;
			remoteInfo = SwiftIBDesignable;
		};
/* End PBXContainerItemProxy section */

/* Begin PBXFileReference section */
		CF8FF32E1AB323ED00798263 /* SwiftIBDesignable.app */ = {isa = PBXFileReference; explicitFileType = wrapper.application; includeInIndex = 0; path = SwiftIBDesignable.app; sourceTree = BUILT_PRODUCTS_DIR; };
		CF8FF3321AB323ED00798263 /* Info.plist */ = {isa = PBXFileReference; lastKnownFileType = text.plist.xml; path = Info.plist; sourceTree = "<group>"; };
		CF8FF3331AB323ED00798263 /* AppDelegate.swift */ = {isa = PBXFileReference; lastKnownFileType = sourcecode.swift; path = AppDelegate.swift; sourceTree = "<group>"; };
		CF8FF3351AB323ED00798263 /* ViewController.swift */ = {isa = PBXFileReference; lastKnownFileType = sourcecode.swift; path = ViewController.swift; sourceTree = "<group>"; };
		CF8FF3381AB323ED00798263 /* Base */ = {isa = PBXFileReference; lastKnownFileType = file.storyboard; name = Base; path = Base.lproj/Main.storyboard; sourceTree = "<group>"; };
		CF8FF33A1AB323ED00798263 /* Images.xcassets */ = {isa = PBXFileReference; lastKnownFileType = folder.assetcatalog; path = Images.xcassets; sourceTree = "<group>"; };
		CF8FF33D1AB323ED00798263 /* Base */ = {isa = PBXFileReference; lastKnownFileType = file.xib; name = Base; path = Base.lproj/LaunchScreen.xib; sourceTree = "<group>"; };
		CF8FF3431AB323ED00798263 /* SwiftIBDesignableTests.xctest */ = {isa = PBXFileReference; explicitFileType = wrapper.cfbundle; includeInIndex = 0; path = SwiftIBDesignableTests.xctest; sourceTree = BUILT_PRODUCTS_DIR; };
		CF8FF3481AB323ED00798263 /* Info.plist */ = {isa = PBXFileReference; lastKnownFileType = text.plist.xml; path = Info.plist; sourceTree = "<group>"; };
		CF8FF3491AB323ED00798263 /* SwiftIBDesignableTests.swift */ = {isa = PBXFileReference; lastKnownFileType = sourcecode.swift; path = SwiftIBDesignableTests.swift; sourceTree = "<group>"; };
		CF8FF3541AB3242A00798263 /* CustomView.swift */ = {isa = PBXFileReference; fileEncoding = 4; lastKnownFileType = sourcecode.swift; path = CustomView.swift; sourceTree = "<group>"; };
		CF8FF3561AB3245000798263 /* CustomView.xib */ = {isa = PBXFileReference; fileEncoding = 4; lastKnownFileType = file.xib; path = CustomView.xib; sourceTree = "<group>"; };
/* End PBXFileReference section */

/* Begin PBXFrameworksBuildPhase section */
		CF8FF32B1AB323ED00798263 /* Frameworks */ = {
			isa = PBXFrameworksBuildPhase;
			buildActionMask = 2147483647;
			files = (
			);
			runOnlyForDeploymentPostprocessing = 0;
		};
		CF8FF3401AB323ED00798263 /* Frameworks */ = {
			isa = PBXFrameworksBuildPhase;
			buildActionMask = 2147483647;
			files = (
			);
			runOnlyForDeploymentPostprocessing = 0;
		};
/* End PBXFrameworksBuildPhase section */

/* Begin PBXGroup section */
		CF8FF3251AB323ED00798263 = {
			isa = PBXGroup;
			children = (
				CF8FF3301AB323ED00798263 /* SwiftIBDesignable */,
				CF8FF3461AB323ED00798263 /* SwiftIBDesignableTests */,
				CF8FF32F1AB323ED00798263 /* Products */,
			);
			sourceTree = "<group>";
		};
		CF8FF32F1AB323ED00798263 /* Products */ = {
			isa = PBXGroup;
			children = (
				CF8FF32E1AB323ED00798263 /* SwiftIBDesignable.app */,
				CF8FF3431AB323ED00798263 /* SwiftIBDesignableTests.xctest */,
			);
			name = Products;
			sourceTree = "<group>";
		};
		CF8FF3301AB323ED00798263 /* SwiftIBDesignable */ = {
			isa = PBXGroup;
			children = (
				CF8FF3531AB3240E00798263 /* views */,
				CF8FF3331AB323ED00798263 /* AppDelegate.swift */,
				CF8FF3351AB323ED00798263 /* ViewController.swift */,
				CF8FF3371AB323ED00798263 /* Main.storyboard */,
				CF8FF33A1AB323ED00798263 /* Images.xcassets */,
				CF8FF33C1AB323ED00798263 /* LaunchScreen.xib */,
				CF8FF3311AB323ED00798263 /* Supporting Files */,
			);
			path = SwiftIBDesignable;
			sourceTree = "<group>";
		};
		CF8FF3311AB323ED00798263 /* Supporting Files */ = {
			isa = PBXGroup;
			children = (
				CF8FF3321AB323ED00798263 /* Info.plist */,
			);
			name = "Supporting Files";
			sourceTree = "<group>";
		};
		CF8FF3461AB323ED00798263 /* SwiftIBDesignableTests */ = {
			isa = PBXGroup;
			children = (
				CF8FF3491AB323ED00798263 /* SwiftIBDesignableTests.swift */,
				CF8FF3471AB323ED00798263 /* Supporting Files */,
			);
			path = SwiftIBDesignableTests;
			sourceTree = "<group>";
		};
		CF8FF3471AB323ED00798263 /* Supporting Files */ = {
			isa = PBXGroup;
			children = (
				CF8FF3481AB323ED00798263 /* Info.plist */,
			);
			name = "Supporting Files";
			sourceTree = "<group>";
		};
		CF8FF3531AB3240E00798263 /* views */ = {
			isa = PBXGroup;
			children = (
				CF8FF3541AB3242A00798263 /* CustomView.swift */,
				CF8FF3561AB3245000798263 /* CustomView.xib */,
			);
			name = views;
			sourceTree = "<group>";
		};
/* End PBXGroup section */

/* Begin PBXNativeTarget section */
		CF8FF32D1AB323ED00798263 /* SwiftIBDesignable */ = {
			isa = PBXNativeTarget;
			buildConfigurationList = CF8FF34D1AB323ED00798263 /* Build configuration list for PBXNativeTarget "SwiftIBDesignable" */;
			buildPhases = (
				CF8FF32A1AB323ED00798263 /* Sources */,
				CF8FF32B1AB323ED00798263 /* Frameworks */,
				CF8FF32C1AB323ED00798263 /* Resources */,
			);
			buildRules = (
			);
			dependencies = (
			);
			name = SwiftIBDesignable;
			productName = SwiftIBDesignable;
			productReference = CF8FF32E1AB323ED00798263 /* SwiftIBDesignable.app */;
			productType = "com.apple.product-type.application";
		};
		CF8FF3421AB323ED00798263 /* SwiftIBDesignableTests */ = {
			isa = PBXNativeTarget;
			buildConfigurationList = CF8FF3501AB323ED00798263 /* Build configuration list for PBXNativeTarget "SwiftIBDesignableTests" */;
			buildPhases = (
				CF8FF33F1AB323ED00798263 /* Sources */,
				CF8FF3401AB323ED00798263 /* Frameworks */,
				CF8FF3411AB323ED00798263 /* Resources */,
			);
			buildRules = (
			);
			dependencies = (
				CF8FF3451AB323ED00798263 /* PBXTargetDependency */,
			);
			name = SwiftIBDesignableTests;
			productName = SwiftIBDesignableTests;
			productReference = CF8FF3431AB323ED00798263 /* SwiftIBDesignableTests.xctest */;
			productType = "com.apple.product-type.bundle.unit-test";
		};
/* End PBXNativeTarget section */

/* Begin PBXProject section */
		CF8FF3261AB323ED00798263 /* Project object */ = {
			isa = PBXProject;
			attributes = {
				LastUpgradeCheck = 0630;
				ORGANIZATIONNAME = "Christoffer Tews";
				TargetAttributes = {
					CF8FF32D1AB323ED00798263 = {
						CreatedOnToolsVersion = 6.3;
					};
					CF8FF3421AB323ED00798263 = {
						CreatedOnToolsVersion = 6.3;
						TestTargetID = CF8FF32D1AB323ED00798263;
					};
				};
			};
			buildConfigurationList = CF8FF3291AB323ED00798263 /* Build configuration list for PBXProject "SwiftIBDesignable" */;
			compatibilityVersion = "Xcode 3.2";
			developmentRegion = English;
			hasScannedForEncodings = 0;
			knownRegions = (
				en,
				Base,
			);
			mainGroup = CF8FF3251AB323ED00798263;
			productRefGroup = CF8FF32F1AB323ED00798263 /* Products */;
			projectDirPath = "";
			projectRoot = "";
			targets = (
				CF8FF32D1AB323ED00798263 /* SwiftIBDesignable */,
				CF8FF3421AB323ED00798263 /* SwiftIBDesignableTests */,
			);
		};
/* End PBXProject section */

/* Begin PBXResourcesBuildPhase section */
		CF8FF32C1AB323ED00798263 /* Resources */ = {
			isa = PBXResourcesBuildPhase;
			buildActionMask = 2147483647;
			files = (
				CF8FF3391AB323ED00798263 /* Main.storyboard in Resources */,
				CF8FF3571AB3245000798263 /* CustomView.xib in Resources */,
				CF8FF33E1AB323ED00798263 /* LaunchScreen.xib in Resources */,
				CF8FF33B1AB323ED00798263 /* Images.xcassets in Resources */,
			);
			runOnlyForDeploymentPostprocessing = 0;
		};
		CF8FF3411AB323ED00798263 /* Resources */ = {
			isa = PBXResourcesBuildPhase;
			buildActionMask = 2147483647;
			files = (
			);
			runOnlyForDeploymentPostprocessing = 0;
		};
/* End PBXResourcesBuildPhase section */

/* Begin PBXSourcesBuildPhase section */
		CF8FF32A1AB323ED00798263 /* Sources */ = {
			isa = PBXSourcesBuildPhase;
			buildActionMask = 2147483647;
			files = (
				CF8FF3551AB3242A00798263 /* CustomView.swift in Sources */,
				CF8FF3361AB323ED00798263 /* ViewController.swift in Sources */,
				CF8FF3341AB323ED00798263 /* AppDelegate.swift in Sources */,
			);
			runOnlyForDeploymentPostprocessing = 0;
		};
		CF8FF33F1AB323ED00798263 /* Sources */ = {
			isa = PBXSourcesBuildPhase;
			buildActionMask = 2147483647;
			files = (
				CF8FF34A1AB323ED00798263 /* SwiftIBDesignableTests.swift in Sources */,
			);
			runOnlyForDeploymentPostprocessing = 0;
		};
/* End PBXSourcesBuildPhase section */

/* Begin PBXTargetDependency section */
		CF8FF3451AB323ED00798263 /* PBXTargetDependency */ = {
			isa = PBXTargetDependency;
			target = CF8FF32D1AB323ED00798263 /* SwiftIBDesignable */;
			targetProxy = CF8FF3441AB323ED00798263 /* PBXContainerItemProxy */;
		};
/* End PBXTargetDependency section */

/* Begin PBXVariantGroup section */
		CF8FF3371AB323ED00798263 /* Main.storyboard */ = {
			isa = PBXVariantGroup;
			children = (
				CF8FF3381AB323ED00798263 /* Base */,
			);
			name = Main.storyboard;
			sourceTree = "<group>";
		};
		CF8FF33C1AB323ED00798263 /* LaunchScreen.xib */ = {
			isa = PBXVariantGroup;
			children = (
				CF8FF33D1AB323ED00798263 /* Base */,
			);
			name = LaunchScreen.xib;
			sourceTree = "<group>";
		};
/* End PBXVariantGroup section */

/* Begin XCBuildConfiguration section */
		CF8FF34B1AB323ED00798263 /* Debug */ = {
			isa = XCBuildConfiguration;
			buildSettings = {
				ALWAYS_SEARCH_USER_PATHS = NO;
				CLANG_CXX_LANGUAGE_STANDARD = "gnu++0x";
				CLANG_CXX_LIBRARY = "libc++";
				CLANG_ENABLE_MODULES = YES;
				CLANG_ENABLE_OBJC_ARC = YES;
				CLANG_WARN_BOOL_CONVERSION = YES;
				CLANG_WARN_CONSTANT_CONVERSION = YES;
				CLANG_WARN_DIRECT_OBJC_ISA_USAGE = YES_ERROR;
				CLANG_WARN_EMPTY_BODY = YES;
				CLANG_WARN_ENUM_CONVERSION = YES;
				CLANG_WARN_INT_CONVERSION = YES;
				CLANG_WARN_OBJC_ROOT_CLASS = YES_ERROR;
				CLANG_WARN_UNREACHABLE_CODE = YES;
				CLANG_WARN__DUPLICATE_METHOD_MATCH = YES;
				"CODE_SIGN_IDENTITY[sdk=iphoneos*]" = "iPhone Developer";
				COPY_PHASE_STRIP = NO;
				DEBUG_INFORMATION_FORMAT = "dwarf-with-dsym";
				ENABLE_STRICT_OBJC_MSGSEND = YES;
				GCC_C_LANGUAGE_STANDARD = gnu99;
				GCC_DYNAMIC_NO_PIC = NO;
				GCC_NO_COMMON_BLOCKS = YES;
				GCC_OPTIMIZATION_LEVEL = 0;
				GCC_PREPROCESSOR_DEFINITIONS = (
					"DEBUG=1",
					"$(inherited)",
				);
				GCC_SYMBOLS_PRIVATE_EXTERN = NO;
				GCC_WARN_64_TO_32_BIT_CONVERSION = YES;
				GCC_WARN_ABOUT_RETURN_TYPE = YES_ERROR;
				GCC_WARN_UNDECLARED_SELECTOR = YES;
				GCC_WARN_UNINITIALIZED_AUTOS = YES_AGGRESSIVE;
				GCC_WARN_UNUSED_FUNCTION = YES;
				GCC_WARN_UNUSED_VARIABLE = YES;
				IPHONEOS_DEPLOYMENT_TARGET = 8.3;
				MTL_ENABLE_DEBUG_INFO = YES;
				ONLY_ACTIVE_ARCH = YES;
				SDKROOT = iphoneos;
				SWIFT_OPTIMIZATION_LEVEL = "-Onone";
				TARGETED_DEVICE_FAMILY = "1,2";
			};
			name = Debug;
		};
		CF8FF34C1AB323ED00798263 /* Release */ = {
			isa = XCBuildConfiguration;
			buildSettings = {
				ALWAYS_SEARCH_USER_PATHS = NO;
				CLANG_CXX_LANGUAGE_STANDARD = "gnu++0x";
				CLANG_CXX_LIBRARY = "libc++";
				CLANG_ENABLE_MODULES = YES;
				CLANG_ENABLE_OBJC_ARC = YES;
				CLANG_WARN_BOOL_CONVERSION = YES;
				CLANG_WARN_CONSTANT_CONVERSION = YES;
				CLANG_WARN_DIRECT_OBJC_ISA_USAGE = YES_ERROR;
				CLANG_WARN_EMPTY_BODY = YES;
				CLANG_WARN_ENUM_CONVERSION = YES;
				CLANG_WARN_INT_CONVERSION = YES;
				CLANG_WARN_OBJC_ROOT_CLASS = YES_ERROR;
				CLANG_WARN_UNREACHABLE_CODE = YES;
				CLANG_WARN__DUPLICATE_METHOD_MATCH = YES;
				"CODE_SIGN_IDENTITY[sdk=iphoneos*]" = "iPhone Developer";
				COPY_PHASE_STRIP = NO;
				DEBUG_INFORMATION_FORMAT = "dwarf-with-dsym";
				ENABLE_NS_ASSERTIONS = NO;
				ENABLE_STRICT_OBJC_MSGSEND = YES;
				GCC_C_LANGUAGE_STANDARD = gnu99;
				GCC_NO_COMMON_BLOCKS = YES;
				GCC_WARN_64_TO_32_BIT_CONVERSION = YES;
				GCC_WARN_ABOUT_RETURN_TYPE = YES_ERROR;
				GCC_WARN_UNDECLARED_SELECTOR = YES;
				GCC_WARN_UNINITIALIZED_AUTOS = YES_AGGRESSIVE;
				GCC_WARN_UNUSED_FUNCTION = YES;
				GCC_WARN_UNUSED_VARIABLE = YES;
				IPHONEOS_DEPLOYMENT_TARGET = 8.3;
				MTL_ENABLE_DEBUG_INFO = NO;
				SDKROOT = iphoneos;
				TARGETED_DEVICE_FAMILY = "1,2";
				VALIDATE_PRODUCT = YES;
			};
			name = Release;
		};
		CF8FF34E1AB323ED00798263 /* Debug */ = {
			isa = XCBuildConfiguration;
			buildSettings = {
				ASSETCATALOG_COMPILER_APPICON_NAME = AppIcon;
				INFOPLIST_FILE = SwiftIBDesignable/Info.plist;
				LD_RUNPATH_SEARCH_PATHS = "$(inherited) @executable_path/Frameworks";
				PRODUCT_NAME = "$(TARGET_NAME)";
			};
			name = Debug;
		};
		CF8FF34F1AB323ED00798263 /* Release */ = {
			isa = XCBuildConfiguration;
			buildSettings = {
				ASSETCATALOG_COMPILER_APPICON_NAME = AppIcon;
				INFOPLIST_FILE = SwiftIBDesignable/Info.plist;
				LD_RUNPATH_SEARCH_PATHS = "$(inherited) @executable_path/Frameworks";
				PRODUCT_NAME = "$(TARGET_NAME)";
			};
			name = Release;
		};
		CF8FF3511AB323ED00798263 /* Debug */ = {
			isa = XCBuildConfiguration;
			buildSettings = {
				BUNDLE_LOADER = "$(TEST_HOST)";
				FRAMEWORK_SEARCH_PATHS = (
					"$(SDKROOT)/Developer/Library/Frameworks",
					"$(inherited)",
				);
				GCC_PREPROCESSOR_DEFINITIONS = (
					"DEBUG=1",
					"$(inherited)",
				);
				INFOPLIST_FILE = SwiftIBDesignableTests/Info.plist;
				LD_RUNPATH_SEARCH_PATHS = "$(inherited) @executable_path/Frameworks @loader_path/Frameworks";
				PRODUCT_NAME = "$(TARGET_NAME)";
				TEST_HOST = "$(BUILT_PRODUCTS_DIR)/SwiftIBDesignable.app/SwiftIBDesignable";
			};
			name = Debug;
		};
		CF8FF3521AB323ED00798263 /* Release */ = {
			isa = XCBuildConfiguration;
			buildSettings = {
				BUNDLE_LOADER = "$(TEST_HOST)";
				FRAMEWORK_SEARCH_PATHS = (
					"$(SDKROOT)/Developer/Library/Frameworks",
					"$(inherited)",
				);
				INFOPLIST_FILE = SwiftIBDesignableTests/Info.plist;
				LD_RUNPATH_SEARCH_PATHS = "$(inherited) @executable_path/Frameworks @loader_path/Frameworks";
				PRODUCT_NAME = "$(TARGET_NAME)";
				TEST_HOST = "$(BUILT_PRODUCTS_DIR)/SwiftIBDesignable.app/SwiftIBDesignable";
			};
			name = Release;
		};
/* End XCBuildConfiguration section */

/* Begin XCConfigurationList section */
		CF8FF3291AB323ED00798263 /* Build configuration list for PBXProject "SwiftIBDesignable" */ = {
			isa = XCConfigurationList;
			buildConfigurations = (
				CF8FF34B1AB323ED00798263 /* Debug */,
				CF8FF34C1AB323ED00798263 /* Release */,
			);
			defaultConfigurationIsVisible = 0;
			defaultConfigurationName = Release;
		};
		CF8FF34D1AB323ED00798263 /* Build configuration list for PBXNativeTarget "SwiftIBDesignable" */ = {
			isa = XCConfigurationList;
			buildConfigurations = (
				CF8FF34E1AB323ED00798263 /* Debug */,
				CF8FF34F1AB323ED00798263 /* Release */,
			);
			defaultConfigurationIsVisible = 0;
		};
		CF8FF3501AB323ED00798263 /* Build configuration list for PBXNativeTarget "SwiftIBDesignableTests" */ = {
			isa = XCConfigurationList;
			buildConfigurations = (
				CF8FF3511AB323ED00798263 /* Debug */,
				CF8FF3521AB323ED00798263 /* Release */,
			);
			defaultConfigurationIsVisible = 0;
		};
/* End XCConfigurationList section */
	};
	rootObject = CF8FF3261AB323ED00798263 /* Project object */;
}
